
Microsoft Visual Studio Solution File, Format Version 12.00
# Visual Studio Version 17
VisualStudioVersion = 17.5.002.0
MinimumVisualStudioVersion = 10.0.40219.1
Project("{9A19103F-16F7-4668-BE54-9A1E7A4F7556}") = "Exo.WebApi", "Exo.WebApi.csproj", "{F179C443-65E0-4E18-8790-08D09163F95B}"
EndProject
Global
	GlobalSection(SolutionConfigurationPlatforms) = preSolution
		Debug|Any CPU = Debug|Any CPU
		Release|Any CPU = Release|Any CPU
	EndGlobalSection
	GlobalSection(ProjectConfigurationPlatforms) = postSolution
		{F179C443-65E0-4E18-8790-08D09163F95B}.Debug|Any CPU.ActiveCfg = Debug|Any CPU
		{F179C443-65E0-4E18-8790-08D09163F95B}.Debug|Any CPU.Build.0 = Debug|Any CPU
		{F179C443-65E0-4E18-8790-08D09163F95B}.Release|Any CPU.ActiveCfg = Release|Any CPU
		{F179C443-65E0-4E18-8790-08D09163F95B}.Release|Any CPU.Build.0 = Release|Any CPU
	EndGlobalSection
	GlobalSection(SolutionProperties) = preSolution
		HideSolutionNode = FALSE
	EndGlobalSection
	GlobalSection(ExtensibilityGlobals) = postSolution
		SolutionGuid = {DE3BE2AA-A32D-4A64-A9CB-FD4AE62DBF99}
	EndGlobalSection
EndGlobal
